{
  "name": "spigot-drama-generator",
  "version": "1.0.0",
  "lockfileVersion": 2,
  "requires": true,
  "packages": {
    "": {
      "name": "spigot-drama-generator",
      "version": "1.0.0",
      "license": "MIT",
      "dependencies": {
        "btoa-atob": "^0.1.2"
      },
      "devDependencies": {
        "prettier": "^1.18.2"
      }
    },
    "node_modules/btoa-atob": {
      "version": "0.1.2",
      "resolved": "https://registry.npmjs.org/btoa-atob/-/btoa-atob-0.1.2.tgz",
      "integrity": "sha512-P5vxeWDuZq7MIrk0NeqzmzQg25A/TtnpahiT/JNtB0VSrJW+C7KwvTnCwXKA/3+Cmrcb8bfUxJSttguy8pWFdg==",
      "bin": {
        "atob": "atob",
        "btoa": "btoa"
      },
      "engines": {
        "node": "*"
      }
    },
    "node_modules/prettier": {
      "version": "1.19.1",
      "resolved": "https://registry.npmjs.org/prettier/-/prettier-1.19.1.tgz",
      "integrity": "sha512-s7PoyDv/II1ObgQunCbB9PdLmUcBZcnWOcxDh7O0N/UwDEsHyqkW+Qh28jW+mVuCdx7gLB0BotYI1Y6uI9iyew==",
      "dev": true,
      "bin": {
        "prettier": "bin-prettier.js"
      },
      "engines": {
        "node": ">=4"
      }
    }
  },
  "dependencies": {
    "btoa-atob": {
      "version": "0.1.2",
      "resolved": "https://registry.npmjs.org/btoa-atob/-/btoa-atob-0.1.2.tgz",
      "integrity": "sha512-P5vxeWDuZq7MIrk0NeqzmzQg25A/TtnpahiT/JNtB0VSrJW+C7KwvTnCwXKA/3+Cmrcb8bfUxJSttguy8pWFdg=="
    },
    "prettier": {
      "version": "1.19.1",
      "resolved": "https://registry.npmjs.org/prettier/-/prettier-1.19.1.tgz",
      "integrity": "sha512-s7PoyDv/II1ObgQunCbB9PdLmUcBZcnWOcxDh7O0N/UwDEsHyqkW+Qh28jW+mVuCdx7gLB0BotYI1Y6uI9iyew==",
      "dev": true
    }
  }
}
